{
  "lockfile_version": "1",
  "packages": {
    "git@latest": {
      "last_modified": "2025-10-09T02:37:25Z",
      "resolved": "github:NixOS/nixpkgs/2dad7af78a183b6c486702c18af8a9544f298377#git",
      "source": "devbox-search",
      "version": "2.51.0",
      "systems": {
        "aarch64-darwin": {
          "outputs": [
            {
              "name": "out",
              "path": "/nix/store/pm302wxb0pkwi006sz9dviw30mkz5y00-git-2.51.0",
              "default": true
            },
            {
              "name": "doc",
              "path": "/nix/store/wmbsv0kbk7qcbq3d7j9ks0cq05729sgc-git-2.51.0-doc"
            }
          ],
          "store_path": "/nix/store/pm302wxb0pkwi006sz9dviw30mkz5y00-git-2.51.0"
        },
        "aarch64-linux": {
          "outputs": [
            {
              "name": "out",
              "path": "/nix/store/r69a5mdcc3kwnnc6xlq391aybikda4kn-git-2.51.0",
              "default": true
            },
            {
              "name": "debug",
              "path": "/nix/store/23rv1yi353k64ihdkby7nvb4q5zf4nr6-git-2.51.0-debug"
            },
            {
              "name": "doc",
              "path": "/nix/store/prqym8j8s50gbq85y1f0wfiaylrfqjf9-git-2.51.0-doc"
            }
          ],
          "store_path": "/nix/store/r69a5mdcc3kwnnc6xlq391aybikda4kn-git-2.51.0"
        },
        "x86_64-darwin": {
          "outputs": [
            {
              "name": "out",
              "path": "/nix/store/jllay36l7wbc5y76429n1n5sfdmy0frp-git-2.51.0",
              "default": true
            },
            {
              "name": "doc",
              "path": "/nix/store/gmjk0q6m10ld75d8z4hyfhc0izr5jkg0-git-2.51.0-doc"
            }
          ],
          "store_path": "/nix/store/jllay36l7wbc5y76429n1n5sfdmy0frp-git-2.51.0"
        },
        "x86_64-linux": {
          "outputs": [
            {
              "name": "out",
              "path": "/nix/store/0vbjxlqj8zp0pdjl2szvg17a98vqwyqj-git-2.51.0",
              "default": true
            },
            {
              "name": "debug",
              "path": "/nix/store/43p28p01lbl4l1xj4hicpckkdyfdvkr3-git-2.51.0-debug"
            },
            {
              "name": "doc",
              "path": "/nix/store/bjl8dr5jw9cqiy5l62k927nd04qpbgsc-git-2.51.0-doc"
            }
          ],
          "store_path": "/nix/store/0vbjxlqj8zp0pdjl2szvg17a98vqwyqj-git-2.51.0"
        }
      }
    },
    "github:NixOS/nixpkgs/nixpkgs-unstable": {
      "last_modified": "2025-10-16T06:36:44Z",
      "resolved": "github:NixOS/nixpkgs/3cbe716e2346710d6e1f7c559363d14e11c32a43?lastModified=1760596604&narHash=sha256-J%2Fi5K6AAz%2Fy5dBePHQOuzC7MbhyTOKsd%2FGLezSbEFiM%3D"
    },
    "go@1.25": {
      "last_modified": "2025-10-07T08:41:47Z",
      "resolved": "github:NixOS/nixpkgs/bce5fe2bb998488d8e7e7856315f90496723793c#go",
      "source": "devbox-search",
      "version": "1.25.1",
      "systems": {
        "aarch64-darwin": {
          "outputs": [
            {
              "name": "out",
              "path": "/nix/store/mkdfnr1nkfj2kznxyag9pypbxp3wqqdv-go-1.25.1",
              "default": true
            }
          ],
          "store_path": "/nix/store/mkdfnr1nkfj2kznxyag9pypbxp3wqqdv-go-1.25.1"
        },
        "aarch64-linux": {
          "outputs": [
            {
              "name": "out",
              "path": "/nix/store/0jzj8p7k9wkr4l17sgrlg3z5di27sggf-go-1.25.1",
              "default": true
            }
          ],
          "store_path": "/nix/store/0jzj8p7k9wkr4l17sgrlg3z5di27sggf-go-1.25.1"
        },
        "x86_64-darwin": {
          "outputs": [
            {
              "name": "out",
              "path": "/nix/store/q2xylk8h3kbfajhw2lpdmyzyyqgqx8fl-go-1.25.1",
              "default": true
            }
          ],
          "store_path": "/nix/store/q2xylk8h3kbfajhw2lpdmyzyyqgqx8fl-go-1.25.1"
        },
        "x86_64-linux": {
          "outputs": [
            {
              "name": "out",
              "path": "/nix/store/f01qkydd3c2jqwi4w6hkddkf3blp16kw-go-1.25.1",
              "default": true
            }
          ],
          "store_path": "/nix/store/f01qkydd3c2jqwi4w6hkddkf3blp16kw-go-1.25.1"
        }
      }
    },
    "golangci-lint@latest": {
      "last_modified": "2025-10-07T08:41:47Z",
      "resolved": "github:NixOS/nixpkgs/bce5fe2bb998488d8e7e7856315f90496723793c#golangci-lint",
      "source": "devbox-search",
      "version": "2.5.0",
      "systems": {
        "aarch64-darwin": {
          "outputs": [
            {
              "name": "out",
              "path": "/nix/store/15bzlcc1h11sv9vwawrnfcw0avn3nhlw-golangci-lint-2.5.0",
              "default": true
            }
          ],
          "store_path": "/nix/store/15bzlcc1h11sv9vwawrnfcw0avn3nhlw-golangci-lint-2.5.0"
        },
        "aarch64-linux": {
          "outputs": [
            {
              "name": "out",
              "path": "/nix/store/60qpwfy5bac8lflw12kffxdhvvylsr4k-golangci-lint-2.5.0",
              "default": true
            }
          ],
          "store_path": "/nix/store/60qpwfy5bac8lflw12kffxdhvvylsr4k-golangci-lint-2.5.0"
        },
        "x86_64-darwin": {
          "outputs": [
            {
              "name": "out",
              "path": "/nix/store/laxn1i91p32i319i5ixslxz4bl451hvq-golangci-lint-2.5.0",
              "default": true
            }
          ],
          "store_path": "/nix/store/laxn1i91p32i319i5ixslxz4bl451hvq-golangci-lint-2.5.0"
        },
        "x86_64-linux": {
          "outputs": [
            {
              "name": "out",
              "path": "/nix/store/s95zr6py9ppj3hpm295mdzs40q59177p-golangci-lint-2.5.0",
              "default": true
            }
          ],
          "store_path": "/nix/store/s95zr6py9ppj3hpm295mdzs40q59177p-golangci-lint-2.5.0"
        }
      }
    },
    "k9s@latest": {
      "last_modified": "2025-10-13T09:56:54Z",
      "resolved": "github:NixOS/nixpkgs/c12c63cd6c5eb34c7b4c3076c6a99e00fcab86ec#k9s",
      "source": "devbox-search",
      "version": "0.50.15",
      "systems": {
        "aarch64-darwin": {
          "outputs": [
            {
              "name": "out",
              "path": "/nix/store/yiqid4s17kn8xwrk7nk9jljkyziwbkvi-k9s-0.50.15",
              "default": true
            }
          ],
          "store_path": "/nix/store/yiqid4s17kn8xwrk7nk9jljkyziwbkvi-k9s-0.50.15"
        },
        "aarch64-linux": {
          "outputs": [
            {
              "name": "out",
              "path": "/nix/store/6c52nx4z200hji6kq3l960z1sv9q1gmj-k9s-0.50.15",
              "default": true
            }
          ],
          "store_path": "/nix/store/6c52nx4z200hji6kq3l960z1sv9q1gmj-k9s-0.50.15"
        },
        "x86_64-darwin": {
          "outputs": [
            {
              "name": "out",
              "path": "/nix/store/ld5iihppw57ahgk7q28i6jph5ymdhiqr-k9s-0.50.15",
              "default": true
            }
          ],
          "store_path": "/nix/store/ld5iihppw57ahgk7q28i6jph5ymdhiqr-k9s-0.50.15"
        },
        "x86_64-linux": {
          "outputs": [
            {
              "name": "out",
              "path": "/nix/store/mfq28g8h6krak53a343vwkfx38856mv8-k9s-0.50.15",
              "default": true
            }
          ],
          "store_path": "/nix/store/mfq28g8h6krak53a343vwkfx38856mv8-k9s-0.50.15"
        }
      }
    },
    "kubectl@latest": {
      "last_modified": "2025-10-07T08:41:47Z",
      "resolved": "github:NixOS/nixpkgs/bce5fe2bb998488d8e7e7856315f90496723793c#kubectl",
      "source": "devbox-search",
      "version": "1.34.1",
      "systems": {
        "aarch64-darwin": {
          "outputs": [
            {
              "name": "out",
              "path": "/nix/store/2ih54prydy1k2s0zsjhkplk8sgcj95kc-kubectl-1.34.1",
              "default": true
            },
            {
              "name": "man",
              "path": "/nix/store/3rvrkr29q5rsb9scrxaw7bnxqplj8lzc-kubectl-1.34.1-man",
              "default": true
            },
            {
              "name": "convert",
              "path": "/nix/store/3xinznz678q5layrhy76q8chl9g7q0m6-kubectl-1.34.1-convert"
            }
          ],
          "store_path": "/nix/store/2ih54prydy1k2s0zsjhkplk8sgcj95kc-kubectl-1.34.1"
        },
        "aarch64-linux": {
          "outputs": [
            {
              "name": "out",
              "path": "/nix/store/kwyzcnrnmp32rh8yamhckddjnsyb7wv8-kubectl-1.34.1",
              "default": true
            },
            {
              "name": "man",
              "path": "/nix/store/1lib1cii7f7ks82bgq3shf3pa4bvfwlw-kubectl-1.34.1-man",
              "default": true
            },
            {
              "name": "convert",
              "path": "/nix/store/b2i2xpyf726nvf0wznanvk9wx4kyhxn0-kubectl-1.34.1-convert"
            }
          ],
          "store_path": "/nix/store/kwyzcnrnmp32rh8yamhckddjnsyb7wv8-kubectl-1.34.1"
        },
        "x86_64-darwin": {
          "outputs": [
            {
              "name": "out",
              "path": "/nix/store/nsldgqqryn057z8356yip0lxnhhn7azy-kubectl-1.34.1",
              "default": true
            },
            {
              "name": "man",
              "path": "/nix/store/97ky0g57awcjskva2zyyczqvg5ab9iq4-kubectl-1.34.1-man",
              "default": true
            },
            {
              "name": "convert",
              "path": "/nix/store/wwy8yalmwwz6m2rjc2fasdihc83gh9kv-kubectl-1.34.1-convert"
            }
          ],
          "store_path": "/nix/store/nsldgqqryn057z8356yip0lxnhhn7azy-kubectl-1.34.1"
        },
        "x86_64-linux": {
          "outputs": [
            {
              "name": "out",
              "path": "/nix/store/5fs5bi2b03j7b1s05h317iszhm8q23x7-kubectl-1.34.1",
              "default": true
            },
            {
              "name": "man",
              "path": "/nix/store/zsl5hlc1rgy52ljdkl0f5vfcp4vfs9gr-kubectl-1.34.1-man",
              "default": true
            },
            {
              "name": "convert",
              "path": "/nix/store/0xapfmzqh1lwmm7xkwca43k5pr65p32b-kubectl-1.34.1-convert"
            }
          ],
          "store_path": "/nix/store/5fs5bi2b03j7b1s05h317iszhm8q23x7-kubectl-1.34.1"
        }
      }
    },
    "kustomize@latest": {
      "last_modified": "2025-10-07T08:41:47Z",
      "resolved": "github:NixOS/nixpkgs/bce5fe2bb998488d8e7e7856315f90496723793c#kustomize",
      "source": "devbox-search",
      "version": "5.7.1",
      "systems": {
        "aarch64-darwin": {
          "outputs": [
            {
              "name": "out",
              "path": "/nix/store/n2laq06rwha0rw27jjmxhmwj04lv6409-kustomize-5.7.1",
              "default": true
            }
          ],
          "store_path": "/nix/store/n2laq06rwha0rw27jjmxhmwj04lv6409-kustomize-5.7.1"
        },
        "aarch64-linux": {
          "outputs": [
            {
              "name": "out",
              "path": "/nix/store/1bi3ifnqrpd3xz4m8bp2xp1831cgfks9-kustomize-5.7.1",
              "default": true
            }
          ],
          "store_path": "/nix/store/1bi3ifnqrpd3xz4m8bp2xp1831cgfks9-kustomize-5.7.1"
        },
        "x86_64-darwin": {
          "outputs": [
            {
              "name": "out",
              "path": "/nix/store/qg25vz4vbgv5zd4d3jc5zlyh4cnpvc7n-kustomize-5.7.1",
              "default": true
            }
          ],
          "store_path": "/nix/store/qg25vz4vbgv5zd4d3jc5zlyh4cnpvc7n-kustomize-5.7.1"
        },
        "x86_64-linux": {
          "outputs": [
            {
              "name": "out",
              "path": "/nix/store/xsgmcbab2dsp6lqs9maw79d9cs0wc4nz-kustomize-5.7.1",
              "default": true
            }
          ],
          "store_path": "/nix/store/xsgmcbab2dsp6lqs9maw79d9cs0wc4nz-kustomize-5.7.1"
        }
      }
    },
    "lefthook@latest": {
      "last_modified": "2025-10-07T08:41:47Z",
      "resolved": "github:NixOS/nixpkgs/bce5fe2bb998488d8e7e7856315f90496723793c#lefthook",
      "source": "devbox-search",
      "version": "1.13.4",
      "systems": {
        "aarch64-darwin": {
          "outputs": [
            {
              "name": "out",
              "path": "/nix/store/gxy2aw3420jqpybwp8v59srk58qni2ld-lefthook-1.13.4",
              "default": true
            }
          ],
          "store_path": "/nix/store/gxy2aw3420jqpybwp8v59srk58qni2ld-lefthook-1.13.4"
        },
        "aarch64-linux": {
          "outputs": [
            {
              "name": "out",
              "path": "/nix/store/ijkwsmz926xklfw4mxcmihzb0is9qmag-lefthook-1.13.4",
              "default": true
            }
          ],
          "store_path": "/nix/store/ijkwsmz926xklfw4mxcmihzb0is9qmag-lefthook-1.13.4"
        },
        "x86_64-darwin": {
          "outputs": [
            {
              "name": "out",
              "path": "/nix/store/h9x12f7qj2v11gd4aav4h4b92vs2ihk1-lefthook-1.13.4",
              "default": true
            }
          ],
          "store_path": "/nix/store/h9x12f7qj2v11gd4aav4h4b92vs2ihk1-lefthook-1.13.4"
        },
        "x86_64-linux": {
          "outputs": [
            {
              "name": "out",
              "path": "/nix/store/wydhy2qwzy0k7mv8naxzz0dr833l44cq-lefthook-1.13.4",
              "default": true
            }
          ],
          "store_path": "/nix/store/wydhy2qwzy0k7mv8naxzz0dr833l44cq-lefthook-1.13.4"
        }
      }
    },
    "minikube@latest": {
      "last_modified": "2025-10-10T13:35:32Z",
      "resolved": "github:NixOS/nixpkgs/870493f9a8cb0b074ae5b411b2f232015db19a65#minikube",
      "source": "devbox-search",
      "version": "1.37.0",
      "systems": {
        "aarch64-darwin": {
          "outputs": [
            {
              "name": "out",
              "path": "/nix/store/ms6gzq8lhn026ikv86xv4crdqjr9cg0a-minikube-1.37.0",
              "default": true
            }
          ],
          "store_path": "/nix/store/ms6gzq8lhn026ikv86xv4crdqjr9cg0a-minikube-1.37.0"
        },
        "aarch64-linux": {
          "outputs": [
            {
              "name": "out",
              "path": "/nix/store/nxjmy8xhgwcxdkhd05jd7k3z4zvqvajc-minikube-1.37.0",
              "default": true
            }
          ],
          "store_path": "/nix/store/nxjmy8xhgwcxdkhd05jd7k3z4zvqvajc-minikube-1.37.0"
        },
        "x86_64-darwin": {
          "outputs": [
            {
              "name": "out",
              "path": "/nix/store/2klhmwa24x84sr3s7qbjzvz9yzvkhpx1-minikube-1.37.0",
              "default": true
            }
          ],
          "store_path": "/nix/store/2klhmwa24x84sr3s7qbjzvz9yzvkhpx1-minikube-1.37.0"
        },
        "x86_64-linux": {
          "outputs": [
            {
              "name": "out",
              "path": "/nix/store/3ajsbl2bzaf6vk0k7wd4znnvwz3j7b2i-minikube-1.37.0",
              "default": true
            }
          ],
          "store_path": "/nix/store/3ajsbl2bzaf6vk0k7wd4znnvwz3j7b2i-minikube-1.37.0"
        }
      }
    },
    "skaffold@latest": {
      "last_modified": "2025-10-07T08:41:47Z",
      "resolved": "github:NixOS/nixpkgs/bce5fe2bb998488d8e7e7856315f90496723793c#skaffold",
      "source": "devbox-search",
      "version": "2.16.1",
      "systems": {
        "aarch64-darwin": {
          "outputs": [
            {
              "name": "out",
              "path": "/nix/store/cbh74kcr9632pws0ikifmxm94fycf8py-skaffold-2.16.1",
              "default": true
            }
          ],
          "store_path": "/nix/store/cbh74kcr9632pws0ikifmxm94fycf8py-skaffold-2.16.1"
        },
        "aarch64-linux": {
          "outputs": [
            {
              "name": "out",
              "path": "/nix/store/v0s1rvbplzc335bsb8m4w3wxn1kghrlf-skaffold-2.16.1",
              "default": true
            }
          ],
          "store_path": "/nix/store/v0s1rvbplzc335bsb8m4w3wxn1kghrlf-skaffold-2.16.1"
        },
        "x86_64-darwin": {
          "outputs": [
            {
              "name": "out",
              "path": "/nix/store/yfbkszqa9gcx242pnsdksgxzi374i1da-skaffold-2.16.1",
              "default": true
            }
          ],
          "store_path": "/nix/store/yfbkszqa9gcx242pnsdksgxzi374i1da-skaffold-2.16.1"
        },
        "x86_64-linux": {
          "outputs": [
            {
              "name": "out",
              "path": "/nix/store/vmn02fgw790iq9a03nmpbq5chxi2d17b-skaffold-2.16.1",
              "default": true
            }
          ],
          "store_path": "/nix/store/vmn02fgw790iq9a03nmpbq5chxi2d17b-skaffold-2.16.1"
        }
      }
    }
  }
}
